{
  "name": "django-website",
  "version": "1.0.0",
  "lockfileVersion": 3,
  "requires": true,
  "packages": {
    "": {
      "name": "django-website",
      "version": "1.0.0",
      "license": "MIT",
      "dependencies": {
        "simple-webtools": "^0.0.9"
      }
    },
    "node_modules/simple-webtools": {
      "version": "0.0.9",
      "resolved": "https://registry.npmjs.org/simple-webtools/-/simple-webtools-0.0.9.tgz",
      "integrity": "sha512-pGO/EXGbSy3zByVizuFEDFrATlHxOCFu3T42Jf3DhG6+BOfOIK2uooluc77UibqMFtkb7G9cUx21xPulMZ71SQ==",
      "funding": {
        "type": "url",
        "url": "https://wilmermartinez.dev/apoyo-y-contribuciones/"
      }
    }
  }
}
